
Microsoft Visual Studio Solution File, Format Version 12.00
# Visual Studio Express 2013 for Windows Desktop
VisualStudioVersion = 12.0.21005.1
MinimumVisualStudioVersion = 10.0.40219.1
Project("{FAE04EC0-301F-11D3-BF4B-00C04F79EFBC}") = "browser", "browser\browser.csproj", "{A8C115D1-A81B-4BF9-8916-CC715F50D156}"
EndProject
Global
	GlobalSection(SolutionConfigurationPlatforms) = preSolution
		Debug|Any CPU = Debug|Any CPU
		Release|Any CPU = Release|Any CPU
	EndGlobalSection
	GlobalSection(ProjectConfigurationPlatforms) = postSolution
		{A8C115D1-A81B-4BF9-8916-CC715F50D156}.Debug|Any CPU.ActiveCfg = Debug|Any CPU
		{A8C115D1-A81B-4BF9-8916-CC715F50D156}.Debug|Any CPU.Build.0 = Debug|Any CPU
		{A8C115D1-A81B-4BF9-8916-CC715F50D156}.Release|Any CPU.ActiveCfg = Release|Any CPU
		{A8C115D1-A81B-4BF9-8916-CC715F50D156}.Release|Any CPU.Build.0 = Release|Any CPU
	EndGlobalSection
	GlobalSection(SolutionProperties) = preSolution
		HideSolutionNode = FALSE
	EndGlobalSection
EndGlobal
